{
  "object": {
    "pins": [
      {
        "package": "MBNetworkingSwift",
        "repositoryURL": "https://github.com/Mumble-SRL/MBNetworkingSwift.git",
        "state": {
          "branch": null,
          "revision": "3fb1e271b4a79c68fc117a6b2805567e67ad2bf8",
          "version": "1.0.15"
        }
      }
    ]
  },
  "version": 1
}
