PODS:
  - MBNetworkingSwift (1.0.10)
  - SAMKeychain (1.5.3)

DEPENDENCIES:
  - MBNetworkingSwift
  - SAMKeychain

SPEC REPOS:
  trunk:
    - MBNetworkingSwift
    - SAMKeychain

SPEC CHECKSUMS:
  MBNetworkingSwift: 293afd6c2a20e9d242204ad3a868f44fa7d8e23f
  SAMKeychain: 483e1c9f32984d50ca961e26818a534283b4cd5c

PODFILE CHECKSUM: 1b76a2552c0ba3dd1c86bd45fd473e277dfbac56

COCOAPODS: 1.9.1
